{
  "name": "mylibrary",
  "version": "1.0.0",
  "lockfileVersion": 1,
  "requires": true,
  "dependencies": {
    "echarts": {
      "version": "2.2.8",
      "resolved": "https://registry.npmjs.org/echarts/-/echarts-2.2.8.tgz",
      "integrity": "sha1-gahmlMTl6Rfm/dOdUpiQAqaF9ec=",
      "requires": {
        "zrenderjs": "~2.1.1-amd-beta1"
      }
    },
    "zrenderjs": {
      "version": "2.1.1",
      "resolved": "https://registry.npmjs.org/zrenderjs/-/zrenderjs-2.1.1.tgz",
      "integrity": "sha1-5uz42MSOH3rz9IfxfX5Z5QeoMss="
    }
  }
}
